
Microsoft Visual Studio Solution File, Format Version 12.00
# Visual Studio Version 17
VisualStudioVersion = 17.7.34031.279
MinimumVisualStudioVersion = 10.0.40219.1
Project("{9A19103F-16F7-4668-BE54-9A1E7A4F7556}") = "FastBank.ConsoleApp", "FastBank\FastBank.ConsoleApp.csproj", "{D0FDE816-1A07-4A42-9229-52BC431CE779}"
EndProject
Project("{9A19103F-16F7-4668-BE54-9A1E7A4F7556}") = "FastBank.Infrastructure", "Infrastructure\FastBank.Infrastructure.csproj", "{7685DA2E-9E32-462B-8703-F224D9F8893F}"
EndProject
Project("{9A19103F-16F7-4668-BE54-9A1E7A4F7556}") = "FastBank.Domain", "FirstBank.Domain\FastBank.Domain.csproj", "{4E9EE81E-5478-497B-B166-D8742381F25A}"
EndProject
Project("{FAE04EC0-301F-11D3-BF4B-00C04F79EFBC}") = "FastBank.Services", "FastBank.Services\FastBank.Services.csproj", "{5A5EC428-5925-4FF0-A690-0308E7375340}"
EndProject
Global
	GlobalSection(SolutionConfigurationPlatforms) = preSolution
		Debug|Any CPU = Debug|Any CPU
		Release|Any CPU = Release|Any CPU
	EndGlobalSection
	GlobalSection(ProjectConfigurationPlatforms) = postSolution
		{D0FDE816-1A07-4A42-9229-52BC431CE779}.Debug|Any CPU.ActiveCfg = Debug|Any CPU
		{D0FDE816-1A07-4A42-9229-52BC431CE779}.Debug|Any CPU.Build.0 = Debug|Any CPU
		{D0FDE816-1A07-4A42-9229-52BC431CE779}.Release|Any CPU.ActiveCfg = Release|Any CPU
		{D0FDE816-1A07-4A42-9229-52BC431CE779}.Release|Any CPU.Build.0 = Release|Any CPU
		{7685DA2E-9E32-462B-8703-F224D9F8893F}.Debug|Any CPU.ActiveCfg = Debug|Any CPU
		{7685DA2E-9E32-462B-8703-F224D9F8893F}.Debug|Any CPU.Build.0 = Debug|Any CPU
		{7685DA2E-9E32-462B-8703-F224D9F8893F}.Release|Any CPU.ActiveCfg = Release|Any CPU
		{7685DA2E-9E32-462B-8703-F224D9F8893F}.Release|Any CPU.Build.0 = Release|Any CPU
		{4E9EE81E-5478-497B-B166-D8742381F25A}.Debug|Any CPU.ActiveCfg = Debug|Any CPU
		{4E9EE81E-5478-497B-B166-D8742381F25A}.Debug|Any CPU.Build.0 = Debug|Any CPU
		{4E9EE81E-5478-497B-B166-D8742381F25A}.Release|Any CPU.ActiveCfg = Release|Any CPU
		{4E9EE81E-5478-497B-B166-D8742381F25A}.Release|Any CPU.Build.0 = Release|Any CPU
		{5A5EC428-5925-4FF0-A690-0308E7375340}.Debug|Any CPU.ActiveCfg = Debug|Any CPU
		{5A5EC428-5925-4FF0-A690-0308E7375340}.Debug|Any CPU.Build.0 = Debug|Any CPU
		{5A5EC428-5925-4FF0-A690-0308E7375340}.Release|Any CPU.ActiveCfg = Release|Any CPU
		{5A5EC428-5925-4FF0-A690-0308E7375340}.Release|Any CPU.Build.0 = Release|Any CPU
	EndGlobalSection
	GlobalSection(SolutionProperties) = preSolution
		HideSolutionNode = FALSE
	EndGlobalSection
	GlobalSection(ExtensibilityGlobals) = postSolution
		SolutionGuid = {5CA82181-89F0-4B76-9341-AAABCC6B4E2D}
	EndGlobalSection
EndGlobal
